// !$*UTF8*$!
{
	archiveVersion = 1;
	classes = {
	};
	objectVersion = 77;
	objects = {

/* Begin PBXContainerItemProxy section */
		E777F5902DBD204B00C8CD8D /* PBXContainerItemProxy */ = {
			isa = PBXContainerItemProxy;
			containerPortal = E777F5712DBD204800C8CD8D /* Project object */;
			proxyType = 1;
			remoteGlobalIDString = E777F5782DBD204800C8CD8D;
			remoteInfo = "D&D";
		};
		E777F59A2DBD204B00C8CD8D /* PBXContainerItemProxy */ = {
			isa = PBXContainerItemProxy;
			containerPortal = E777F5712DBD204800C8CD8D /* Project object */;
			proxyType = 1;
			remoteGlobalIDString = E777F5782DBD204800C8CD8D;
			remoteInfo = "D&D";
		};
/* End PBXContainerItemProxy section */

/* Begin PBXFileReference section */
		E777F5792DBD204800C8CD8D /* DND.app */ = {isa = PBXFileReference; explicitFileType = wrapper.application; includeInIndex = 0; path = DND.app; sourceTree = BUILT_PRODUCTS_DIR; };
		E777F58F2DBD204B00C8CD8D /* DNDTests.xctest */ = {isa = PBXFileReference; explicitFileType = wrapper.cfbundle; includeInIndex = 0; path = DNDTests.xctest; sourceTree = BUILT_PRODUCTS_DIR; };
		E777F5992DBD204B00C8CD8D /* DNDUITests.xctest */ = {isa = PBXFileReference; explicitFileType = wrapper.cfbundle; includeInIndex = 0; path = DNDUITests.xctest; sourceTree = BUILT_PRODUCTS_DIR; };
/* End PBXFileReference section */

/* Begin PBXFileSystemSynchronizedBuildFileExceptionSet section */
		E777F5A12DBD204B00C8CD8D /* Exceptions for "D&D" folder in "DND" target */ = {
			isa = PBXFileSystemSynchronizedBuildFileExceptionSet;
			membershipExceptions = (
				Info.plist,
			);
			target = E777F5782DBD204800C8CD8D /* DND */;
		};
/* End PBXFileSystemSynchronizedBuildFileExceptionSet section */

/* Begin PBXFileSystemSynchronizedRootGroup section */
		E777F57B2DBD204800C8CD8D /* D&D */ = {
			isa = PBXFileSystemSynchronizedRootGroup;
			exceptions = (
				E777F5A12DBD204B00C8CD8D /* Exceptions for "D&D" folder in "DND" target */,
			);
			path = "D&D";
			sourceTree = "<group>";
		};
		E777F5922DBD204B00C8CD8D /* D&DTests */ = {
			isa = PBXFileSystemSynchronizedRootGroup;
			path = "D&DTests";
			sourceTree = "<group>";
		};
		E777F59C2DBD204B00C8CD8D /* D&DUITests */ = {
			isa = PBXFileSystemSynchronizedRootGroup;
			path = "D&DUITests";
			sourceTree = "<group>";
		};
/* End PBXFileSystemSynchronizedRootGroup section */

/* Begin PBXFrameworksBuildPhase section */
		E777F5762DBD204800C8CD8D /* Frameworks */ = {
			isa = PBXFrameworksBuildPhase;
			buildActionMask = 2147483647;
			files = (
			);
			runOnlyForDeploymentPostprocessing = 0;
		};
		E777F58C2DBD204B00C8CD8D /* Frameworks */ = {
			isa = PBXFrameworksBuildPhase;
			buildActionMask = 2147483647;
			files = (
			);
			runOnlyForDeploymentPostprocessing = 0;
		};
		E777F5962DBD204B00C8CD8D /* Frameworks */ = {
			isa = PBXFrameworksBuildPhase;
			buildActionMask = 2147483647;
			files = (
			);
			runOnlyForDeploymentPostprocessing = 0;
		};
/* End PBXFrameworksBuildPhase section */

/* Begin PBXGroup section */
		E777F5702DBD204800C8CD8D = {
			isa = PBXGroup;
			children = (
				E777F57B2DBD204800C8CD8D /* D&D */,
				E777F5922DBD204B00C8CD8D /* D&DTests */,
				E777F59C2DBD204B00C8CD8D /* D&DUITests */,
				E777F57A2DBD204800C8CD8D /* Products */,
			);
			sourceTree = "<group>";
		};
		E777F57A2DBD204800C8CD8D /* Products */ = {
			isa = PBXGroup;
			children = (
				E777F5792DBD204800C8CD8D /* DND.app */,
				E777F58F2DBD204B00C8CD8D /* DNDTests.xctest */,
				E777F5992DBD204B00C8CD8D /* DNDUITests.xctest */,
			);
			name = Products;
			sourceTree = "<group>";
		};
/* End PBXGroup section */

/* Begin PBXNativeTarget section */
		E777F5782DBD204800C8CD8D /* DND */ = {
			isa = PBXNativeTarget;
			buildConfigurationList = E777F5A22DBD204B00C8CD8D /* Build configuration list for PBXNativeTarget "DND" */;
			buildPhases = (
				E777F5752DBD204800C8CD8D /* Sources */,
				E777F5762DBD204800C8CD8D /* Frameworks */,
				E777F5772DBD204800C8CD8D /* Resources */,
			);
			buildRules = (
			);
			dependencies = (
			);
			fileSystemSynchronizedGroups = (
				E777F57B2DBD204800C8CD8D /* D&D */,
			);
			name = DND;
			packageProductDependencies = (
			);
			productName = "D&D";
			productReference = E777F5792DBD204800C8CD8D /* DND.app */;
			productType = "com.apple.product-type.application";
		};
		E777F58E2DBD204B00C8CD8D /* DNDTests */ = {
			isa = PBXNativeTarget;
			buildConfigurationList = E777F5A72DBD204B00C8CD8D /* Build configuration list for PBXNativeTarget "DNDTests" */;
			buildPhases = (
				E777F58B2DBD204B00C8CD8D /* Sources */,
				E777F58C2DBD204B00C8CD8D /* Frameworks */,
				E777F58D2DBD204B00C8CD8D /* Resources */,
			);
			buildRules = (
			);
			dependencies = (
				E777F5912DBD204B00C8CD8D /* PBXTargetDependency */,
			);
			fileSystemSynchronizedGroups = (
				E777F5922DBD204B00C8CD8D /* D&DTests */,
			);
			name = DNDTests;
			packageProductDependencies = (
			);
			productName = "D&DTests";
			productReference = E777F58F2DBD204B00C8CD8D /* DNDTests.xctest */;
			productType = "com.apple.product-type.bundle.unit-test";
		};
		E777F5982DBD204B00C8CD8D /* DNDUITests */ = {
			isa = PBXNativeTarget;
			buildConfigurationList = E777F5AA2DBD204B00C8CD8D /* Build configuration list for PBXNativeTarget "DNDUITests" */;
			buildPhases = (
				E777F5952DBD204B00C8CD8D /* Sources */,
				E777F5962DBD204B00C8CD8D /* Frameworks */,
				E777F5972DBD204B00C8CD8D /* Resources */,
			);
			buildRules = (
			);
			dependencies = (
				E777F59B2DBD204B00C8CD8D /* PBXTargetDependency */,
			);
			fileSystemSynchronizedGroups = (
				E777F59C2DBD204B00C8CD8D /* D&DUITests */,
			);
			name = DNDUITests;
			packageProductDependencies = (
			);
			productName = "D&DUITests";
			productReference = E777F5992DBD204B00C8CD8D /* DNDUITests.xctest */;
			productType = "com.apple.product-type.bundle.ui-testing";
		};
/* End PBXNativeTarget section */

/* Begin PBXProject section */
		E777F5712DBD204800C8CD8D /* Project object */ = {
			isa = PBXProject;
			attributes = {
				BuildIndependentTargetsInParallel = 1;
				LastSwiftUpdateCheck = 1630;
				LastUpgradeCheck = 1630;
				TargetAttributes = {
					E777F5782DBD204800C8CD8D = {
						CreatedOnToolsVersion = 16.3;
					};
					E777F58E2DBD204B00C8CD8D = {
						CreatedOnToolsVersion = 16.3;
						TestTargetID = E777F5782DBD204800C8CD8D;
					};
					E777F5982DBD204B00C8CD8D = {
						CreatedOnToolsVersion = 16.3;
						TestTargetID = E777F5782DBD204800C8CD8D;
					};
				};
			};
			buildConfigurationList = E777F5742DBD204800C8CD8D /* Build configuration list for PBXProject "DND" */;
			developmentRegion = en;
			hasScannedForEncodings = 0;
			knownRegions = (
				en,
				Base,
			);
			mainGroup = E777F5702DBD204800C8CD8D;
			minimizedProjectReferenceProxies = 1;
			preferredProjectObjectVersion = 77;
			productRefGroup = E777F57A2DBD204800C8CD8D /* Products */;
			projectDirPath = "";
			projectRoot = "";
			targets = (
				E777F5782DBD204800C8CD8D /* DND */,
				E777F58E2DBD204B00C8CD8D /* DNDTests */,
				E777F5982DBD204B00C8CD8D /* DNDUITests */,
			);
		};
/* End PBXProject section */

/* Begin PBXResourcesBuildPhase section */
		E777F5772DBD204800C8CD8D /* Resources */ = {
			isa = PBXResourcesBuildPhase;
			buildActionMask = 2147483647;
			files = (
			);
			runOnlyForDeploymentPostprocessing = 0;
		};
		E777F58D2DBD204B00C8CD8D /* Resources */ = {
			isa = PBXResourcesBuildPhase;
			buildActionMask = 2147483647;
			files = (
			);
			runOnlyForDeploymentPostprocessing = 0;
		};
		E777F5972DBD204B00C8CD8D /* Resources */ = {
			isa = PBXResourcesBuildPhase;
			buildActionMask = 2147483647;
			files = (
			);
			runOnlyForDeploymentPostprocessing = 0;
		};
/* End PBXResourcesBuildPhase section */

/* Begin PBXSourcesBuildPhase section */
		E777F5752DBD204800C8CD8D /* Sources */ = {
			isa = PBXSourcesBuildPhase;
			buildActionMask = 2147483647;
			files = (
			);
			runOnlyForDeploymentPostprocessing = 0;
		};
		E777F58B2DBD204B00C8CD8D /* Sources */ = {
			isa = PBXSourcesBuildPhase;
			buildActionMask = 2147483647;
			files = (
			);
			runOnlyForDeploymentPostprocessing = 0;
		};
		E777F5952DBD204B00C8CD8D /* Sources */ = {
			isa = PBXSourcesBuildPhase;
			buildActionMask = 2147483647;
			files = (
			);
			runOnlyForDeploymentPostprocessing = 0;
		};
/* End PBXSourcesBuildPhase section */

/* Begin PBXTargetDependency section */
		E777F5912DBD204B00C8CD8D /* PBXTargetDependency */ = {
			isa = PBXTargetDependency;
			target = E777F5782DBD204800C8CD8D /* DND */;
			targetProxy = E777F5902DBD204B00C8CD8D /* PBXContainerItemProxy */;
		};
		E777F59B2DBD204B00C8CD8D /* PBXTargetDependency */ = {
			isa = PBXTargetDependency;
			target = E777F5782DBD204800C8CD8D /* DND */;
			targetProxy = E777F59A2DBD204B00C8CD8D /* PBXContainerItemProxy */;
		};
/* End PBXTargetDependency section */

/* Begin XCBuildConfiguration section */
		E777F5A32DBD204B00C8CD8D /* Debug */ = {
			isa = XCBuildConfiguration;
			buildSettings = {
				ASSETCATALOG_COMPILER_APPICON_NAME = AppIcon;
				ASSETCATALOG_COMPILER_GLOBAL_ACCENT_COLOR_NAME = AccentColor;
				CODE_SIGN_STYLE = Automatic;
				CURRENT_PROJECT_VERSION = 1;
				GENERATE_INFOPLIST_FILE = YES;
				INFOPLIST_FILE = "D&D/Info.plist";
				INFOPLIST_KEY_UIApplicationSupportsIndirectInputEvents = YES;
				INFOPLIST_KEY_UILaunchStoryboardName = LaunchScreen;
				INFOPLIST_KEY_UIMainStoryboardFile = Main;
				INFOPLIST_KEY_UISupportedInterfaceOrientations_iPad = "UIInterfaceOrientationPortrait UIInterfaceOrientationPortraitUpsideDown UIInterfaceOrientationLandscapeLeft UIInterfaceOrientationLandscapeRight";
				INFOPLIST_KEY_UISupportedInterfaceOrientations_iPhone = "UIInterfaceOrientationPortrait UIInterfaceOrientationLandscapeLeft UIInterfaceOrientationLandscapeRight";
				LD_RUNPATH_SEARCH_PATHS = (
					"$(inherited)",
					"@executable_path/Frameworks",
				);
				MARKETING_VERSION = 1.0;
				PRODUCT_BUNDLE_IDENTIFIER = "com.alexreynolds.D-D";
				PRODUCT_NAME = "$(TARGET_NAME)";
				SWIFT_EMIT_LOC_STRINGS = YES;
				SWIFT_VERSION = 5.0;
				TARGETED_DEVICE_FAMILY = "1,2";
			};
			name = Debug;
		};
		E777F5A42DBD204B00C8CD8D /* Release */ = {
			isa = XCBuildConfiguration;
			buildSettings = {
				ASSETCATALOG_COMPILER_APPICON_NAME = AppIcon;
				ASSETCATALOG_COMPILER_GLOBAL_ACCENT_COLOR_NAME = AccentColor;
				CODE_SIGN_STYLE = Automatic;
				CURRENT_PROJECT_VERSION = 1;
				GENERATE_INFOPLIST_FILE = YES;
				INFOPLIST_FILE = "D&D/Info.plist";
				INFOPLIST_KEY_UIApplicationSupportsIndirectInputEvents = YES;
				INFOPLIST_KEY_UILaunchStoryboardName = LaunchScreen;
				INFOPLIST_KEY_UIMainStoryboardFile = Main;
				INFOPLIST_KEY_UISupportedInterfaceOrientations_iPad = "UIInterfaceOrientationPortrait UIInterfaceOrientationPortraitUpsideDown UIInterfaceOrientationLandscapeLeft UIInterfaceOrientationLandscapeRight";
				INFOPLIST_KEY_UISupportedInterfaceOrientations_iPhone = "UIInterfaceOrientationPortrait UIInterfaceOrientationLandscapeLeft UIInterfaceOrientationLandscapeRight";
				LD_RUNPATH_SEARCH_PATHS = (
					"$(inherited)",
					"@executable_path/Frameworks",
				);
				MARKETING_VERSION = 1.0;
				PRODUCT_BUNDLE_IDENTIFIER = "com.alexreynolds.D-D";
				PRODUCT_NAME = "$(TARGET_NAME)";
				SWIFT_EMIT_LOC_STRINGS = YES;
				SWIFT_VERSION = 5.0;
				TARGETED_DEVICE_FAMILY = "1,2";
			};
			name = Release;
		};
		E777F5A52DBD204B00C8CD8D /* Debug */ = {
			isa = XCBuildConfiguration;
			buildSettings = {
				ALWAYS_SEARCH_USER_PATHS = NO;
				ASSETCATALOG_COMPILER_GENERATE_SWIFT_ASSET_SYMBOL_EXTENSIONS = YES;
				CLANG_ANALYZER_NONNULL = YES;
				CLANG_ANALYZER_NUMBER_OBJECT_CONVERSION = YES_AGGRESSIVE;
				CLANG_CXX_LANGUAGE_STANDARD = "gnu++20";
				CLANG_ENABLE_MODULES = YES;
				CLANG_ENABLE_OBJC_ARC = YES;
				CLANG_ENABLE_OBJC_WEAK = YES;
				CLANG_WARN_BLOCK_CAPTURE_AUTORELEASING = YES;
				CLANG_WARN_BOOL_CONVERSION = YES;
				CLANG_WARN_COMMA = YES;
				CLANG_WARN_CONSTANT_CONVERSION = YES;
				CLANG_WARN_DEPRECATED_OBJC_IMPLEMENTATIONS = YES;
				CLANG_WARN_DIRECT_OBJC_ISA_USAGE = YES_ERROR;
				CLANG_WARN_DOCUMENTATION_COMMENTS = YES;
				CLANG_WARN_EMPTY_BODY = YES;
				CLANG_WARN_ENUM_CONVERSION = YES;
				CLANG_WARN_INFINITE_RECURSION = YES;
				CLANG_WARN_INT_CONVERSION = YES;
				CLANG_WARN_NON_LITERAL_NULL_CONVERSION = YES;
				CLANG_WARN_OBJC_IMPLICIT_RETAIN_SELF = YES;
				CLANG_WARN_OBJC_LITERAL_CONVERSION = YES;
				CLANG_WARN_OBJC_ROOT_CLASS = YES_ERROR;
				CLANG_WARN_QUOTED_INCLUDE_IN_FRAMEWORK_HEADER = YES;
				CLANG_WARN_RANGE_LOOP_ANALYSIS = YES;
				CLANG_WARN_STRICT_PROTOTYPES = YES;
				CLANG_WARN_SUSPICIOUS_MOVE = YES;
				CLANG_WARN_UNGUARDED_AVAILABILITY = YES_AGGRESSIVE;
				CLANG_WARN_UNREACHABLE_CODE = YES;
				CLANG_WARN__DUPLICATE_METHOD_MATCH = YES;
				COPY_PHASE_STRIP = NO;
				DEBUG_INFORMATION_FORMAT = dwarf;
				ENABLE_STRICT_OBJC_MSGSEND = YES;
				ENABLE_TESTABILITY = YES;
				ENABLE_USER_SCRIPT_SANDBOXING = YES;
				GCC_C_LANGUAGE_STANDARD = gnu17;
				GCC_DYNAMIC_NO_PIC = NO;
				GCC_NO_COMMON_BLOCKS = YES;
				GCC_OPTIMIZATION_LEVEL = 0;
				GCC_PREPROCESSOR_DEFINITIONS = (
					"DEBUG=1",
					"$(inherited)",
				);
				GCC_WARN_64_TO_32_BIT_CONVERSION = YES;
				GCC_WARN_ABOUT_RETURN_TYPE = YES_ERROR;
				GCC_WARN_UNDECLARED_SELECTOR = YES;
				GCC_WARN_UNINITIALIZED_AUTOS = YES_AGGRESSIVE;
				GCC_WARN_UNUSED_FUNCTION = YES;
				GCC_WARN_UNUSED_VARIABLE = YES;
				IPHONEOS_DEPLOYMENT_TARGET = 18.4;
				LOCALIZATION_PREFERS_STRING_CATALOGS = YES;
				MTL_ENABLE_DEBUG_INFO = INCLUDE_SOURCE;
				MTL_FAST_MATH = YES;
				ONLY_ACTIVE_ARCH = YES;
				SDKROOT = iphoneos;
				SWIFT_ACTIVE_COMPILATION_CONDITIONS = "DEBUG $(inherited)";
				SWIFT_OPTIMIZATION_LEVEL = "-Onone";
			};
			name = Debug;
		};
		E777F5A62DBD204B00C8CD8D /* Release */ = {
			isa = XCBuildConfiguration;
			buildSettings = {
				ALWAYS_SEARCH_USER_PATHS = NO;
				ASSETCATALOG_COMPILER_GENERATE_SWIFT_ASSET_SYMBOL_EXTENSIONS = YES;
				CLANG_ANALYZER_NONNULL = YES;
				CLANG_ANALYZER_NUMBER_OBJECT_CONVERSION = YES_AGGRESSIVE;
				CLANG_CXX_LANGUAGE_STANDARD = "gnu++20";
				CLANG_ENABLE_MODULES = YES;
				CLANG_ENABLE_OBJC_ARC = YES;
				CLANG_ENABLE_OBJC_WEAK = YES;
				CLANG_WARN_BLOCK_CAPTURE_AUTORELEASING = YES;
				CLANG_WARN_BOOL_CONVERSION = YES;
				CLANG_WARN_COMMA = YES;
				CLANG_WARN_CONSTANT_CONVERSION = YES;
				CLANG_WARN_DEPRECATED_OBJC_IMPLEMENTATIONS = YES;
				CLANG_WARN_DIRECT_OBJC_ISA_USAGE = YES_ERROR;
				CLANG_WARN_DOCUMENTATION_COMMENTS = YES;
				CLANG_WARN_EMPTY_BODY = YES;
				CLANG_WARN_ENUM_CONVERSION = YES;
				CLANG_WARN_INFINITE_RECURSION = YES;
				CLANG_WARN_INT_CONVERSION = YES;
				CLANG_WARN_NON_LITERAL_NULL_CONVERSION = YES;
				CLANG_WARN_OBJC_IMPLICIT_RETAIN_SELF = YES;
				CLANG_WARN_OBJC_LITERAL_CONVERSION = YES;
				CLANG_WARN_OBJC_ROOT_CLASS = YES_ERROR;
				CLANG_WARN_QUOTED_INCLUDE_IN_FRAMEWORK_HEADER = YES;
				CLANG_WARN_RANGE_LOOP_ANALYSIS = YES;
				CLANG_WARN_STRICT_PROTOTYPES = YES;
				CLANG_WARN_SUSPICIOUS_MOVE = YES;
				CLANG_WARN_UNGUARDED_AVAILABILITY = YES_AGGRESSIVE;
				CLANG_WARN_UNREACHABLE_CODE = YES;
				CLANG_WARN__DUPLICATE_METHOD_MATCH = YES;
				COPY_PHASE_STRIP = NO;
				DEBUG_INFORMATION_FORMAT = "dwarf-with-dsym";
				ENABLE_NS_ASSERTIONS = NO;
				ENABLE_STRICT_OBJC_MSGSEND = YES;
				ENABLE_USER_SCRIPT_SANDBOXING = YES;
				GCC_C_LANGUAGE_STANDARD = gnu17;
				GCC_NO_COMMON_BLOCKS = YES;
				GCC_WARN_64_TO_32_BIT_CONVERSION = YES;
				GCC_WARN_ABOUT_RETURN_TYPE = YES_ERROR;
				GCC_WARN_UNDECLARED_SELECTOR = YES;
				GCC_WARN_UNINITIALIZED_AUTOS = YES_AGGRESSIVE;
				GCC_WARN_UNUSED_FUNCTION = YES;
				GCC_WARN_UNUSED_VARIABLE = YES;
				IPHONEOS_DEPLOYMENT_TARGET = 18.4;
				LOCALIZATION_PREFERS_STRING_CATALOGS = YES;
				MTL_ENABLE_DEBUG_INFO = NO;
				MTL_FAST_MATH = YES;
				SDKROOT = iphoneos;
				SWIFT_COMPILATION_MODE = wholemodule;
				VALIDATE_PRODUCT = YES;
			};
			name = Release;
		};
		E777F5A82DBD204B00C8CD8D /* Debug */ = {
			isa = XCBuildConfiguration;
			buildSettings = {
				BUNDLE_LOADER = "$(TEST_HOST)";
				CODE_SIGN_STYLE = Automatic;
				CURRENT_PROJECT_VERSION = 1;
				GENERATE_INFOPLIST_FILE = YES;
				IPHONEOS_DEPLOYMENT_TARGET = 18.4;
				MARKETING_VERSION = 1.0;
				PRODUCT_BUNDLE_IDENTIFIER = "com.alexreynolds.D-DTests";
				PRODUCT_NAME = "$(TARGET_NAME)";
				SWIFT_EMIT_LOC_STRINGS = NO;
				SWIFT_VERSION = 5.0;
				TARGETED_DEVICE_FAMILY = "1,2";
				TEST_HOST = "$(BUILT_PRODUCTS_DIR)/DND.app/$(BUNDLE_EXECUTABLE_FOLDER_PATH)/DND";
			};
			name = Debug;
		};
		E777F5A92DBD204B00C8CD8D /* Release */ = {
			isa = XCBuildConfiguration;
			buildSettings = {
				BUNDLE_LOADER = "$(TEST_HOST)";
				CODE_SIGN_STYLE = Automatic;
				CURRENT_PROJECT_VERSION = 1;
				GENERATE_INFOPLIST_FILE = YES;
				IPHONEOS_DEPLOYMENT_TARGET = 18.4;
				MARKETING_VERSION = 1.0;
				PRODUCT_BUNDLE_IDENTIFIER = "com.alexreynolds.D-DTests";
				PRODUCT_NAME = "$(TARGET_NAME)";
				SWIFT_EMIT_LOC_STRINGS = NO;
				SWIFT_VERSION = 5.0;
				TARGETED_DEVICE_FAMILY = "1,2";
				TEST_HOST = "$(BUILT_PRODUCTS_DIR)/DND.app/$(BUNDLE_EXECUTABLE_FOLDER_PATH)/DND";
			};
			name = Release;
		};
		E777F5AB2DBD204B00C8CD8D /* Debug */ = {
			isa = XCBuildConfiguration;
			buildSettings = {
				CODE_SIGN_STYLE = Automatic;
				CURRENT_PROJECT_VERSION = 1;
				GENERATE_INFOPLIST_FILE = YES;
				MARKETING_VERSION = 1.0;
				PRODUCT_BUNDLE_IDENTIFIER = "com.alexreynolds.D-DUITests";
				PRODUCT_NAME = "$(TARGET_NAME)";
				SWIFT_EMIT_LOC_STRINGS = NO;
				SWIFT_VERSION = 5.0;
				TARGETED_DEVICE_FAMILY = "1,2";
				TEST_TARGET_NAME = "D&D";
			};
			name = Debug;
		};
		E777F5AC2DBD204B00C8CD8D /* Release */ = {
			isa = XCBuildConfiguration;
			buildSettings = {
				CODE_SIGN_STYLE = Automatic;
				CURRENT_PROJECT_VERSION = 1;
				GENERATE_INFOPLIST_FILE = YES;
				MARKETING_VERSION = 1.0;
				PRODUCT_BUNDLE_IDENTIFIER = "com.alexreynolds.D-DUITests";
				PRODUCT_NAME = "$(TARGET_NAME)";
				SWIFT_EMIT_LOC_STRINGS = NO;
				SWIFT_VERSION = 5.0;
				TARGETED_DEVICE_FAMILY = "1,2";
				TEST_TARGET_NAME = "D&D";
			};
			name = Release;
		};
/* End XCBuildConfiguration section */

/* Begin XCConfigurationList section */
		E777F5742DBD204800C8CD8D /* Build configuration list for PBXProject "DND" */ = {
			isa = XCConfigurationList;
			buildConfigurations = (
				E777F5A52DBD204B00C8CD8D /* Debug */,
				E777F5A62DBD204B00C8CD8D /* Release */,
			);
			defaultConfigurationIsVisible = 0;
			defaultConfigurationName = Release;
		};
		E777F5A22DBD204B00C8CD8D /* Build configuration list for PBXNativeTarget "DND" */ = {
			isa = XCConfigurationList;
			buildConfigurations = (
				E777F5A32DBD204B00C8CD8D /* Debug */,
				E777F5A42DBD204B00C8CD8D /* Release */,
			);
			defaultConfigurationIsVisible = 0;
			defaultConfigurationName = Release;
		};
		E777F5A72DBD204B00C8CD8D /* Build configuration list for PBXNativeTarget "DNDTests" */ = {
			isa = XCConfigurationList;
			buildConfigurations = (
				E777F5A82DBD204B00C8CD8D /* Debug */,
				E777F5A92DBD204B00C8CD8D /* Release */,
			);
			defaultConfigurationIsVisible = 0;
			defaultConfigurationName = Release;
		};
		E777F5AA2DBD204B00C8CD8D /* Build configuration list for PBXNativeTarget "DNDUITests" */ = {
			isa = XCConfigurationList;
			buildConfigurations = (
				E777F5AB2DBD204B00C8CD8D /* Debug */,
				E777F5AC2DBD204B00C8CD8D /* Release */,
			);
			defaultConfigurationIsVisible = 0;
			defaultConfigurationName = Release;
		};
/* End XCConfigurationList section */
	};
	rootObject = E777F5712DBD204800C8CD8D /* Project object */;
}
